{
  "dependencyGraphHash": "3d7207bfe1baaab87bc3145d94a2a19ec7c27769dfedda132e6803790c64822a",
  "graph": {
    "deps": [],
    "package": {
      "manifestHash": "4709e1d4cae1831e41e5edca73602bededaa68b7d82ca074912df22a52ed443d",
      "name": "live_server",
      "version": "0.1.0"
    }
  },
  "schemaVersion": "fozzylang.lock.v0"
}