{
  "dependencyGraphHash": "5080a42756986244770c9cdab018a620124c882b52bebed4e82480cca91303eb",
  "graph": {
    "deps": [],
    "package": {
      "manifestHash": "4d97092330d8737e0a5fe95c523952ef66451f059d01a34a7c26d0c75011ef4b",
      "name": "fullstack",
      "version": "0.1.0"
    }
  },
  "schemaVersion": "fozzylang.lock.v0"
}