{
  "schemaVersion": "fozzylang.lock.v0",
  "dependencyGraphHash": "62327ef47434cdd68fb20283b0c9f5dbf3acaf0ff9b7168d57df44e6afa578a5",
  "graph": {
    "package": {
      "name": "service_app",
      "version": "0.1.0",
      "manifestHash": "e98642060d138ad520975869a1e55189e9da3473f7f9727a76ed5fcf311102a2"
    },
    "deps": []
  }
}