{
  "dependencyGraphHash": "c92a76c35f0c2aa682e849f92335cd7d35ed7cf10c77bb42163ce0a15a3accfb",
  "graph": {
    "deps": [],
    "package": {
      "manifestHash": "fe3b7541cc25cd10c938274b0cbed9e447ba95105960859aa8b705b56c86c2f7",
      "name": "service_app",
      "version": "0.1.0"
    }
  },
  "schemaVersion": "fozzylang.lock.v0"
}