{
  "schemaVersion": "fozzylang.lock.v0",
  "dependencyGraphHash": "7b7ba8161032f032565200c6100289502074f8cb6ade47f969ba420a32e7292f",
  "graph": {
    "package": {
      "name": "simd_kernels",
      "version": "0.1.0",
      "manifestHash": "e78a9933b37467164f15037a1f691ed2e9666bc1ac9649715e26a0a7df6992a0"
    },
    "deps": []
  }
}