{
  "schemaVersion": "fozzylang.lock.v0",
  "dependencyGraphHash": "214a440bfbe40481d8c65feae47ddcdb68895e6080c1ee808b3381cffd5ccf58",
  "graph": {
    "package": {
      "name": "core",
      "version": "0.1.0",
      "manifestHash": "52fe438605de0a54158cb8fe7adf28bd3deeae5e7537307d5bbe8f74bc03baa0"
    },
    "deps": []
  }
}