{
  "dependencyGraphHash": "1488fa2680c4a30ac1bcc56460ecadb49ef448cb04f97cf9cfba39e170b1b680",
  "graph": {
    "deps": [
      {
        "canonicalPath": "/Users/deepsaint/Desktop/fozzylang/frameworklib/fzbounds",
        "manifestHash": "408b06ba6620d2f7fcc7840a7aa93ad4f7d7ab6a6564b4d99c17863d0397cf01",
        "name": "fzbounds",
        "package": {
          "name": "fzbounds",
          "version": "0.1.0"
        },
        "sourceHash": "92380c70972133e69f4be101e0ff1b72c30b7585f786c67b9700ba376b90243e",
        "sourceType": "framework"
      }
    ],
    "package": {
      "manifestHash": "e71acd4bab27c7d627d37e5710b102e0f9e654abb272eab3dddebeb8c6be6fb2",
      "name": "bounds_service",
      "version": "0.1.0"
    }
  },
  "schemaVersion": "fozzylang.lock.v0"
}