{
  "schemaVersion": "fozzylang.lock.v0",
  "dependencyGraphHash": "a87511aabe7582165e082fe12327e1cfaf65012c13fe638930ba1acbe882828f",
  "graph": {
    "package": {
      "name": "bounds_service",
      "version": "0.1.0",
      "manifestHash": "e71acd4bab27c7d627d37e5710b102e0f9e654abb272eab3dddebeb8c6be6fb2"
    },
    "deps": [
      {
        "name": "fzbounds",
        "sourceType": "framework",
        "canonicalPath": "/Users/deepsaint/Desktop/fozzylang/frameworklib/fzbounds",
        "package": {
          "name": "fzbounds",
          "version": "0.1.0"
        },
        "manifestHash": "408b06ba6620d2f7fcc7840a7aa93ad4f7d7ab6a6564b4d99c17863d0397cf01",
        "sourceHash": "d098d20d0da77480dbdf07d03cfb61cdaaf17636cc3bd481f871e404065d4235"
      }
    ]
  }
}