{
  "dependencyGraphHash": "321d6fa449a1cb92470f9f15c55576afefd1fb9ff137a93952b7bf9a42e11d5e",
  "graph": {
    "deps": [
      {
        "canonicalPath": "/Users/deepsaint/Desktop/fozzylang/frameworklib/fzbounds",
        "manifestHash": "408b06ba6620d2f7fcc7840a7aa93ad4f7d7ab6a6564b4d99c17863d0397cf01",
        "name": "fzbounds",
        "package": {
          "name": "fzbounds",
          "version": "0.1.0"
        },
        "path": "../../frameworklib/fzbounds",
        "sourceHash": "50352e42cfd4f285922f3aab34efd76c89370e20939b5d23ded3c0ea52fb7afd",
        "sourceType": "path"
      }
    ],
    "package": {
      "manifestHash": "edf5d16ccb6147fd7d79069bcd1ef14c1a874042cb1b21b1bf47f051836f49ca",
      "name": "bounds_service",
      "version": "0.1.0"
    }
  },
  "schemaVersion": "fozzylang.lock.v0"
}