{
  "schemaVersion": "fozzylang.lock.v0",
  "dependencyGraphHash": "1668bf4c27d5557b093510672e61ea72327102bad2eeac97433c431be483afde",
  "graph": {
    "package": {
      "name": "minimal_runtime",
      "version": "0.1.0",
      "manifestHash": "243648ab0d9a6664f8426f5e11b6f3ed484f43099a6aacd297714cbdbcd20e8f"
    },
    "deps": []
  }
}