{
  "dependencyGraphHash": "10a807bb2da06109855ae09f16d6366416de02a695e18e4b72c4b4512bd81b78",
  "graph": {
    "deps": [],
    "package": {
      "manifestHash": "243648ab0d9a6664f8426f5e11b6f3ed484f43099a6aacd297714cbdbcd20e8f",
      "name": "minimal_runtime",
      "version": "0.1.0"
    }
  },
  "schemaVersion": "fozzylang.lock.v0"
}