{
  "schemaVersion": "fozzylang.lock.v0",
  "dependencyGraphHash": "331c076e746a95cd286de0895505c228614b158d99bf08cfe65bcea3554206af",
  "graph": {
    "package": {
      "name": "ffi_wrapper_verify",
      "version": "0.1.0",
      "manifestHash": "779952ad31a661f9184715b42c3be938cc65b80bda2a2af094280a2607ab75c6"
    },
    "deps": []
  }
}