{
  "schemaVersion": "fozzylang.lock.v0",
  "dependencyGraphHash": "9a470434230d1733fa14843213f7224c64434eee17e5e033d27c4a45bf986af7",
  "graph": {
    "package": {
      "name": "core_error_contract",
      "version": "0.1.0",
      "manifestHash": "143f415a40ac8fb573012d3c7d4767d246d3f2da5ab8eb52683027e453ae0d5d"
    },
    "deps": []
  }
}