{
  "schemaVersion": "fozzylang.lock.v0",
  "dependencyGraphHash": "1cc6d3544dc8a40d64a2cb01442bbe93ff22f053c67989c9fd1bf1dc197320e3",
  "graph": {
    "package": {
      "name": "context_runtime",
      "version": "0.1.0",
      "manifestHash": "f402ee3acf68277458896752395a66618e4cdf8355695b2b0a0a11ba213d9dd0"
    },
    "deps": []
  }
}