{
  "schemaVersion": "fozzylang.lock.v0",
  "dependencyGraphHash": "aab70c3c3355e260b3912357c97bb92f460cb7cc49bd599b07ee4b1d4f658c99",
  "graph": {
    "package": {
      "name": "fzweb",
      "version": "0.1.0",
      "manifestHash": "d8d114574cdb8974a69373b4dc3eb88715f1c25eed972df9eb5a097142629c40"
    },
    "deps": []
  }
}