{
  "schemaVersion": "fozzylang.lock.v0",
  "dependencyGraphHash": "3615e6aebc43e889d3ac7e2d7fae72b124d2e51d64f0e0ed00859d400f5d1ae5",
  "graph": {
    "package": {
      "name": "fzweb",
      "version": "0.1.0",
      "manifestHash": "dd605037c760d36d7d889c841aeb8bf3519cc2751051670d7c63c3b9b8e05661"
    },
    "deps": []
  }
}