{
  "schemaVersion": "fozzylang.lock.v0",
  "dependencyGraphHash": "a81239d50d2d9872fdadca4ea4db36162efd2171d79dc175fcbdbe3f02784c01",
  "graph": {
    "package": {
      "name": "gpu_ascii_ripple",
      "version": "0.1.0",
      "manifestHash": "2fc2285124832fc939d3b1f8823d1734f213bcfe2f03ba81fce795ca61688ae8"
    },
    "deps": []
  }
}