{
  "dependencyGraphHash": "0a659d2a160ec672db772b6156a83ab32e23f084d12fc9b7914ca4afb375e4af",
  "graph": {
    "deps": [],
    "package": {
      "manifestHash": "75baef61e221ef45477f8b2ff2420005f97cdcb7dd33beb825a4ee1aa5138418",
      "name": "robust_cli",
      "version": "0.1.0"
    }
  },
  "schemaVersion": "fozzylang.lock.v0"
}