{
  "dependencyGraphHash": "317cb03de394e0eafce25d1e57f4335aca2ad3614605cbbfbf00556d955b4467",
  "graph": {
    "deps": [],
    "package": {
      "manifestHash": "e5142ee9807f6ca65e29a7ed62a4f92cf71c3b6beb49254e8aaebd3ae94d2172",
      "name": "robust_cli",
      "version": "0.1.0"
    }
  },
  "schemaVersion": "fozzylang.lock.v0"
}