{
  "schemaVersion": "fozzylang.lock.v0",
  "dependencyGraphHash": "cfca206ab32ed88bc285e37c02d7672a052a20a34bdd9b6e02e04d65d9ad0544",
  "graph": {
    "package": {
      "name": "robust_cli",
      "version": "0.1.0",
      "manifestHash": "e5142ee9807f6ca65e29a7ed62a4f92cf71c3b6beb49254e8aaebd3ae94d2172"
    },
    "deps": []
  }
}